version = 1
revision = 3
requires-python = ">=3.8"

[[package]]
name = "ork-deferrables-example"
version = "0.1.0"
source = { virtual = "." }
dependencies = [
    { name = "ork-sdk" },
]

[package.metadata]
requires-dist = [{ name = "ork-sdk", directory = "../../../python-sdk" }]

[[package]]
name = "ork-sdk"
version = "0.1.0"
source = { directory = "../../../python-sdk" }
